// !$*UTF8*$!
{
	archiveVersion = 1;
	classes = {
	};
	objectVersion = 55;
	objects = {

/* Begin PBXBuildFile section */
		1D08557B28224DC400DB804A /* HexagonParameters.swift in Sources */ = {isa = PBXBuildFile; fileRef = 1D08557A28224DC400DB804A /* HexagonParameters.swift */; };
		1D08557D28224ECF00DB804A /* BadgeBackground.swift in Sources */ = {isa = PBXBuildFile; fileRef = 1D08557C28224ECF00DB804A /* BadgeBackground.swift */; };
		1D08557F2822518600DB804A /* BadgeSymbol.swift in Sources */ = {isa = PBXBuildFile; fileRef = 1D08557E2822518600DB804A /* BadgeSymbol.swift */; };
		1D0855812822523700DB804A /* RotatedBadgeSymbol.swift in Sources */ = {isa = PBXBuildFile; fileRef = 1D0855802822523700DB804A /* RotatedBadgeSymbol.swift */; };
		1D0855832822528200DB804A /* Badge.swift in Sources */ = {isa = PBXBuildFile; fileRef = 1D0855822822528200DB804A /* Badge.swift */; };
		1D08558628225FF200DB804A /* hikeData.json in Resources */ = {isa = PBXBuildFile; fileRef = 1D08558528225FF100DB804A /* hikeData.json */; };
		1D0855882822600A00DB804A /* Hike.swift in Sources */ = {isa = PBXBuildFile; fileRef = 1D0855872822600A00DB804A /* Hike.swift */; };
		1D08558E2822605A00DB804A /* GraphCapsule.swift in Sources */ = {isa = PBXBuildFile; fileRef = 1D08558A2822605A00DB804A /* GraphCapsule.swift */; };
		1D08558F2822605A00DB804A /* HikeGraph.swift in Sources */ = {isa = PBXBuildFile; fileRef = 1D08558B2822605A00DB804A /* HikeGraph.swift */; };
		1D0855902822605A00DB804A /* HikeDetail.swift in Sources */ = {isa = PBXBuildFile; fileRef = 1D08558C2822605A00DB804A /* HikeDetail.swift */; };
		1D0855912822605A00DB804A /* HikeView.swift in Sources */ = {isa = PBXBuildFile; fileRef = 1D08558D2822605A00DB804A /* HikeView.swift */; };
		1D0855942822655900DB804A /* CategoryHome.swift in Sources */ = {isa = PBXBuildFile; fileRef = 1D0855932822655900DB804A /* CategoryHome.swift */; };
		1D0855962822661E00DB804A /* CategoryRow.swift in Sources */ = {isa = PBXBuildFile; fileRef = 1D0855952822661E00DB804A /* CategoryRow.swift */; };
		1D0855982822670800DB804A /* CategoryItem.swift in Sources */ = {isa = PBXBuildFile; fileRef = 1D0855972822670800DB804A /* CategoryItem.swift */; };
		1D08559A28226AC600DB804A /* Profile.swift in Sources */ = {isa = PBXBuildFile; fileRef = 1D08559928226AC600DB804A /* Profile.swift */; };
		1D08559C28226AF000DB804A /* ProfileHost.swift in Sources */ = {isa = PBXBuildFile; fileRef = 1D08559B28226AF000DB804A /* ProfileHost.swift */; };
		1D08559E28226B2400DB804A /* ProfileSummary.swift in Sources */ = {isa = PBXBuildFile; fileRef = 1D08559D28226B2400DB804A /* ProfileSummary.swift */; };
		1D0855A128226BD300DB804A /* HikeBadge.swift in Sources */ = {isa = PBXBuildFile; fileRef = 1D0855A028226BD300DB804A /* HikeBadge.swift */; };
		A7500FB5282124A700D34623 /* FavoriteButton.swift in Sources */ = {isa = PBXBuildFile; fileRef = A7500FB4282124A700D34623 /* FavoriteButton.swift */; };
		A79044302820FFE1006C44E0 /* LearnSwiftUIApp.swift in Sources */ = {isa = PBXBuildFile; fileRef = A790442F2820FFE1006C44E0 /* LearnSwiftUIApp.swift */; };
		A79044322820FFE1006C44E0 /* ContentView.swift in Sources */ = {isa = PBXBuildFile; fileRef = A79044312820FFE1006C44E0 /* ContentView.swift */; };
		A79044342820FFE2006C44E0 /* Assets.xcassets in Resources */ = {isa = PBXBuildFile; fileRef = A79044332820FFE2006C44E0 /* Assets.xcassets */; };
		A79044372820FFE2006C44E0 /* Preview Assets.xcassets in Resources */ = {isa = PBXBuildFile; fileRef = A79044362820FFE2006C44E0 /* Preview Assets.xcassets */; };
		A790444128210046006C44E0 /* landmarkData.json in Resources */ = {isa = PBXBuildFile; fileRef = A790444028210046006C44E0 /* landmarkData.json */; };
		A79044442821004D006C44E0 /* landmarkData.swift in Sources */ = {isa = PBXBuildFile; fileRef = A79044422821004D006C44E0 /* landmarkData.swift */; };
		A79044452821004D006C44E0 /* ModelData.swift in Sources */ = {isa = PBXBuildFile; fileRef = A79044432821004D006C44E0 /* ModelData.swift */; };
		A79044482821005B006C44E0 /* CircleImage.swift in Sources */ = {isa = PBXBuildFile; fileRef = A79044462821005B006C44E0 /* CircleImage.swift */; };
		A79044492821005B006C44E0 /* MapView.swift in Sources */ = {isa = PBXBuildFile; fileRef = A79044472821005B006C44E0 /* MapView.swift */; };
		A790444B282100CF006C44E0 /* README.md in Resources */ = {isa = PBXBuildFile; fileRef = A790444A282100CF006C44E0 /* README.md */; };
		A790444D28210227006C44E0 /* LandmarkRow.swift in Sources */ = {isa = PBXBuildFile; fileRef = A790444C28210227006C44E0 /* LandmarkRow.swift */; };
		A790444F28210722006C44E0 /* LandmarkList.swift in Sources */ = {isa = PBXBuildFile; fileRef = A790444E28210722006C44E0 /* LandmarkList.swift */; };
		A790445128210855006C44E0 /* LandmarkDetail.swift in Sources */ = {isa = PBXBuildFile; fileRef = A790445028210855006C44E0 /* LandmarkDetail.swift */; };
/* End PBXBuildFile section */

/* Begin PBXFileReference section */
		1D08557A28224DC400DB804A /* HexagonParameters.swift */ = {isa = PBXFileReference; lastKnownFileType = sourcecode.swift; path = HexagonParameters.swift; sourceTree = "<group>"; };
		1D08557C28224ECF00DB804A /* BadgeBackground.swift */ = {isa = PBXFileReference; lastKnownFileType = sourcecode.swift; path = BadgeBackground.swift; sourceTree = "<group>"; };
		1D08557E2822518600DB804A /* BadgeSymbol.swift */ = {isa = PBXFileReference; lastKnownFileType = sourcecode.swift; path = BadgeSymbol.swift; sourceTree = "<group>"; };
		1D0855802822523700DB804A /* RotatedBadgeSymbol.swift */ = {isa = PBXFileReference; lastKnownFileType = sourcecode.swift; path = RotatedBadgeSymbol.swift; sourceTree = "<group>"; };
		1D0855822822528200DB804A /* Badge.swift */ = {isa = PBXFileReference; lastKnownFileType = sourcecode.swift; path = Badge.swift; sourceTree = "<group>"; };
		1D08558528225FF100DB804A /* hikeData.json */ = {isa = PBXFileReference; fileEncoding = 4; lastKnownFileType = text.json; path = hikeData.json; sourceTree = "<group>"; };
		1D0855872822600A00DB804A /* Hike.swift */ = {isa = PBXFileReference; lastKnownFileType = sourcecode.swift; path = Hike.swift; sourceTree = SOURCE_ROOT; };
		1D08558A2822605A00DB804A /* GraphCapsule.swift */ = {isa = PBXFileReference; fileEncoding = 4; lastKnownFileType = sourcecode.swift; path = GraphCapsule.swift; sourceTree = "<group>"; };
		1D08558B2822605A00DB804A /* HikeGraph.swift */ = {isa = PBXFileReference; fileEncoding = 4; lastKnownFileType = sourcecode.swift; path = HikeGraph.swift; sourceTree = "<group>"; };
		1D08558C2822605A00DB804A /* HikeDetail.swift */ = {isa = PBXFileReference; fileEncoding = 4; lastKnownFileType = sourcecode.swift; path = HikeDetail.swift; sourceTree = "<group>"; };
		1D08558D2822605A00DB804A /* HikeView.swift */ = {isa = PBXFileReference; fileEncoding = 4; lastKnownFileType = sourcecode.swift; path = HikeView.swift; sourceTree = "<group>"; };
		1D0855932822655900DB804A /* CategoryHome.swift */ = {isa = PBXFileReference; lastKnownFileType = sourcecode.swift; path = CategoryHome.swift; sourceTree = "<group>"; };
		1D0855952822661E00DB804A /* CategoryRow.swift */ = {isa = PBXFileReference; lastKnownFileType = sourcecode.swift; path = CategoryRow.swift; sourceTree = "<group>"; };
		1D0855972822670800DB804A /* CategoryItem.swift */ = {isa = PBXFileReference; lastKnownFileType = sourcecode.swift; path = CategoryItem.swift; sourceTree = "<group>"; };
		1D08559928226AC600DB804A /* Profile.swift */ = {isa = PBXFileReference; lastKnownFileType = sourcecode.swift; path = Profile.swift; sourceTree = "<group>"; };
		1D08559B28226AF000DB804A /* ProfileHost.swift */ = {isa = PBXFileReference; lastKnownFileType = sourcecode.swift; path = ProfileHost.swift; sourceTree = "<group>"; };
		1D08559D28226B2400DB804A /* ProfileSummary.swift */ = {isa = PBXFileReference; lastKnownFileType = sourcecode.swift; path = ProfileSummary.swift; sourceTree = "<group>"; };
		1D0855A028226BD300DB804A /* HikeBadge.swift */ = {isa = PBXFileReference; lastKnownFileType = sourcecode.swift; path = HikeBadge.swift; sourceTree = "<group>"; };
		A7500FB4282124A700D34623 /* FavoriteButton.swift */ = {isa = PBXFileReference; lastKnownFileType = sourcecode.swift; path = FavoriteButton.swift; sourceTree = "<group>"; };
		A790442C2820FFE1006C44E0 /* LearnSwiftUI.app */ = {isa = PBXFileReference; explicitFileType = wrapper.application; includeInIndex = 0; path = LearnSwiftUI.app; sourceTree = BUILT_PRODUCTS_DIR; };
		A790442F2820FFE1006C44E0 /* LearnSwiftUIApp.swift */ = {isa = PBXFileReference; lastKnownFileType = sourcecode.swift; path = LearnSwiftUIApp.swift; sourceTree = "<group>"; };
		A79044312820FFE1006C44E0 /* ContentView.swift */ = {isa = PBXFileReference; lastKnownFileType = sourcecode.swift; path = ContentView.swift; sourceTree = "<group>"; };
		A79044332820FFE2006C44E0 /* Assets.xcassets */ = {isa = PBXFileReference; lastKnownFileType = folder.assetcatalog; path = Assets.xcassets; sourceTree = "<group>"; };
		A79044362820FFE2006C44E0 /* Preview Assets.xcassets */ = {isa = PBXFileReference; lastKnownFileType = folder.assetcatalog; path = "Preview Assets.xcassets"; sourceTree = "<group>"; };
		A790444028210046006C44E0 /* landmarkData.json */ = {isa = PBXFileReference; fileEncoding = 4; lastKnownFileType = text.json; path = landmarkData.json; sourceTree = "<group>"; };
		A79044422821004D006C44E0 /* landmarkData.swift */ = {isa = PBXFileReference; fileEncoding = 4; lastKnownFileType = sourcecode.swift; path = landmarkData.swift; sourceTree = "<group>"; };
		A79044432821004D006C44E0 /* ModelData.swift */ = {isa = PBXFileReference; fileEncoding = 4; lastKnownFileType = sourcecode.swift; path = ModelData.swift; sourceTree = "<group>"; };
		A79044462821005B006C44E0 /* CircleImage.swift */ = {isa = PBXFileReference; fileEncoding = 4; lastKnownFileType = sourcecode.swift; path = CircleImage.swift; sourceTree = "<group>"; };
		A79044472821005B006C44E0 /* MapView.swift */ = {isa = PBXFileReference; fileEncoding = 4; lastKnownFileType = sourcecode.swift; path = MapView.swift; sourceTree = "<group>"; };
		A790444A282100CF006C44E0 /* README.md */ = {isa = PBXFileReference; fileEncoding = 4; lastKnownFileType = net.daringfireball.markdown; path = README.md; sourceTree = "<group>"; };
		A790444C28210227006C44E0 /* LandmarkRow.swift */ = {isa = PBXFileReference; lastKnownFileType = sourcecode.swift; path = LandmarkRow.swift; sourceTree = "<group>"; };
		A790444E28210722006C44E0 /* LandmarkList.swift */ = {isa = PBXFileReference; lastKnownFileType = sourcecode.swift; path = LandmarkList.swift; sourceTree = "<group>"; };
		A790445028210855006C44E0 /* LandmarkDetail.swift */ = {isa = PBXFileReference; lastKnownFileType = sourcecode.swift; path = LandmarkDetail.swift; sourceTree = "<group>"; };
/* End PBXFileReference section */

/* Begin PBXFrameworksBuildPhase section */
		A79044292820FFE1006C44E0 /* Frameworks */ = {
			isa = PBXFrameworksBuildPhase;
			buildActionMask = 2147483647;
			files = (
			);
			runOnlyForDeploymentPostprocessing = 0;
		};
/* End PBXFrameworksBuildPhase section */

/* Begin PBXGroup section */
		1D0855842822531600DB804A /* Badges */ = {
			isa = PBXGroup;
			children = (
				1D0855822822528200DB804A /* Badge.swift */,
				1D08557C28224ECF00DB804A /* BadgeBackground.swift */,
				1D08557E2822518600DB804A /* BadgeSymbol.swift */,
				1D0855802822523700DB804A /* RotatedBadgeSymbol.swift */,
				1D08557A28224DC400DB804A /* HexagonParameters.swift */,
			);
			path = Badges;
			sourceTree = "<group>";
		};
		1D0855892822605A00DB804A /* Hikes */ = {
			isa = PBXGroup;
			children = (
				1D08558A2822605A00DB804A /* GraphCapsule.swift */,
				1D08558B2822605A00DB804A /* HikeGraph.swift */,
				1D08558C2822605A00DB804A /* HikeDetail.swift */,
				1D08558D2822605A00DB804A /* HikeView.swift */,
			);
			path = Hikes;
			sourceTree = "<group>";
		};
		1D0855922822654300DB804A /* Categories */ = {
			isa = PBXGroup;
			children = (
				1D0855932822655900DB804A /* CategoryHome.swift */,
				1D0855952822661E00DB804A /* CategoryRow.swift */,
				1D0855972822670800DB804A /* CategoryItem.swift */,
			);
			path = Categories;
			sourceTree = "<group>";
		};
		1D08559F28226BC700DB804A /* Hikes */ = {
			isa = PBXGroup;
			children = (
				1D0855A028226BD300DB804A /* HikeBadge.swift */,
			);
			path = Hikes;
			sourceTree = "<group>";
		};
		A7500FB6282127F100D34623 /* Landmarks */ = {
			isa = PBXGroup;
			children = (
				A790444E28210722006C44E0 /* LandmarkList.swift */,
				A790444C28210227006C44E0 /* LandmarkRow.swift */,
				A790445028210855006C44E0 /* LandmarkDetail.swift */,
			);
			path = Landmarks;
			sourceTree = "<group>";
		};
		A7500FB72821280D00D34623 /* Helpers */ = {
			isa = PBXGroup;
			children = (
				A79044462821005B006C44E0 /* CircleImage.swift */,
				A79044472821005B006C44E0 /* MapView.swift */,
				A7500FB4282124A700D34623 /* FavoriteButton.swift */,
			);
			path = Helpers;
			sourceTree = "<group>";
		};
		A79044232820FFE1006C44E0 = {
			isa = PBXGroup;
			children = (
				A790444A282100CF006C44E0 /* README.md */,
				A790442E2820FFE1006C44E0 /* LearnSwiftUI */,
				A790442D2820FFE1006C44E0 /* Products */,
			);
			sourceTree = "<group>";
		};
		A790442D2820FFE1006C44E0 /* Products */ = {
			isa = PBXGroup;
			children = (
				A790442C2820FFE1006C44E0 /* LearnSwiftUI.app */,
			);
			name = Products;
			sourceTree = "<group>";
		};
		A790442E2820FFE1006C44E0 /* LearnSwiftUI */ = {
			isa = PBXGroup;
			children = (
				A790443D28210011006C44E0 /* Views */,
				A790443E28210018006C44E0 /* Model */,
				A790443F2821001D006C44E0 /* Resources */,
				A79044332820FFE2006C44E0 /* Assets.xcassets */,
				A790442F2820FFE1006C44E0 /* LearnSwiftUIApp.swift */,
				A79044352820FFE2006C44E0 /* Preview Content */,
			);
			path = LearnSwiftUI;
			sourceTree = "<group>";
		};
		A79044352820FFE2006C44E0 /* Preview Content */ = {
			isa = PBXGroup;
			children = (
				A79044362820FFE2006C44E0 /* Preview Assets.xcassets */,
			);
			path = "Preview Content";
			sourceTree = "<group>";
		};
		A790443D28210011006C44E0 /* Views */ = {
			isa = PBXGroup;
			children = (
				A79044312820FFE1006C44E0 /* ContentView.swift */,
				A7500FB6282127F100D34623 /* Landmarks */,
				1D0855842822531600DB804A /* Badges */,
				A7500FB72821280D00D34623 /* Helpers */,
				1D0855922822654300DB804A /* Categories */,
				1D08559F28226BC700DB804A /* Hikes */,
				1D08559B28226AF000DB804A /* ProfileHost.swift */,
				1D08559D28226B2400DB804A /* ProfileSummary.swift */,
			);
			path = Views;
			sourceTree = "<group>";
		};
		A790443E28210018006C44E0 /* Model */ = {
			isa = PBXGroup;
			children = (
				1D0855872822600A00DB804A /* Hike.swift */,
				A79044422821004D006C44E0 /* landmarkData.swift */,
				A79044432821004D006C44E0 /* ModelData.swift */,
				1D08559928226AC600DB804A /* Profile.swift */,
			);
			path = Model;
			sourceTree = "<group>";
		};
		A790443F2821001D006C44E0 /* Resources */ = {
			isa = PBXGroup;
			children = (
				1D0855892822605A00DB804A /* Hikes */,
				1D08558528225FF100DB804A /* hikeData.json */,
				A790444028210046006C44E0 /* landmarkData.json */,
			);
			path = Resources;
			sourceTree = "<group>";
		};
/* End PBXGroup section */

/* Begin PBXNativeTarget section */
		A790442B2820FFE1006C44E0 /* LearnSwiftUI */ = {
			isa = PBXNativeTarget;
			buildConfigurationList = A790443A2820FFE2006C44E0 /* Build configuration list for PBXNativeTarget "LearnSwiftUI" */;
			buildPhases = (
				A79044282820FFE1006C44E0 /* Sources */,
				A79044292820FFE1006C44E0 /* Frameworks */,
				A790442A2820FFE1006C44E0 /* Resources */,
			);
			buildRules = (
			);
			dependencies = (
			);
			name = LearnSwiftUI;
			productName = LearnSwiftUI;
			productReference = A790442C2820FFE1006C44E0 /* LearnSwiftUI.app */;
			productType = "com.apple.product-type.application";
		};
/* End PBXNativeTarget section */

/* Begin PBXProject section */
		A79044242820FFE1006C44E0 /* Project object */ = {
			isa = PBXProject;
			attributes = {
				BuildIndependentTargetsInParallel = 1;
				LastSwiftUpdateCheck = 1330;
				LastUpgradeCheck = 1330;
				TargetAttributes = {
					A790442B2820FFE1006C44E0 = {
						CreatedOnToolsVersion = 13.3.1;
					};
				};
			};
			buildConfigurationList = A79044272820FFE1006C44E0 /* Build configuration list for PBXProject "LearnSwiftUI" */;
			compatibilityVersion = "Xcode 13.0";
			developmentRegion = en;
			hasScannedForEncodings = 0;
			knownRegions = (
				en,
				Base,
			);
			mainGroup = A79044232820FFE1006C44E0;
			productRefGroup = A790442D2820FFE1006C44E0 /* Products */;
			projectDirPath = "";
			projectRoot = "";
			targets = (
				A790442B2820FFE1006C44E0 /* LearnSwiftUI */,
			);
		};
/* End PBXProject section */

/* Begin PBXResourcesBuildPhase section */
		A790442A2820FFE1006C44E0 /* Resources */ = {
			isa = PBXResourcesBuildPhase;
			buildActionMask = 2147483647;
			files = (
				A79044372820FFE2006C44E0 /* Preview Assets.xcassets in Resources */,
				A79044342820FFE2006C44E0 /* Assets.xcassets in Resources */,
				A790444B282100CF006C44E0 /* README.md in Resources */,
				A790444128210046006C44E0 /* landmarkData.json in Resources */,
				1D08558628225FF200DB804A /* hikeData.json in Resources */,
			);
			runOnlyForDeploymentPostprocessing = 0;
		};
/* End PBXResourcesBuildPhase section */

/* Begin PBXSourcesBuildPhase section */
		A79044282820FFE1006C44E0 /* Sources */ = {
			isa = PBXSourcesBuildPhase;
			buildActionMask = 2147483647;
			files = (
				1D0855962822661E00DB804A /* CategoryRow.swift in Sources */,
				1D08559A28226AC600DB804A /* Profile.swift in Sources */,
				A79044322820FFE1006C44E0 /* ContentView.swift in Sources */,
				1D0855942822655900DB804A /* CategoryHome.swift in Sources */,
				1D08558F2822605A00DB804A /* HikeGraph.swift in Sources */,
				1D0855832822528200DB804A /* Badge.swift in Sources */,
				A79044492821005B006C44E0 /* MapView.swift in Sources */,
				1D08558E2822605A00DB804A /* GraphCapsule.swift in Sources */,
				A79044452821004D006C44E0 /* ModelData.swift in Sources */,
				A7500FB5282124A700D34623 /* FavoriteButton.swift in Sources */,
				1D0855982822670800DB804A /* CategoryItem.swift in Sources */,
				1D0855902822605A00DB804A /* HikeDetail.swift in Sources */,
				1D08559E28226B2400DB804A /* ProfileSummary.swift in Sources */,
				1D08557B28224DC400DB804A /* HexagonParameters.swift in Sources */,
				1D08559C28226AF000DB804A /* ProfileHost.swift in Sources */,
				1D0855882822600A00DB804A /* Hike.swift in Sources */,
				1D0855812822523700DB804A /* RotatedBadgeSymbol.swift in Sources */,
				1D08557F2822518600DB804A /* BadgeSymbol.swift in Sources */,
				A790444F28210722006C44E0 /* LandmarkList.swift in Sources */,
				1D0855912822605A00DB804A /* HikeView.swift in Sources */,
				A790445128210855006C44E0 /* LandmarkDetail.swift in Sources */,
				1D08557D28224ECF00DB804A /* BadgeBackground.swift in Sources */,
				1D0855A128226BD300DB804A /* HikeBadge.swift in Sources */,
				A79044442821004D006C44E0 /* landmarkData.swift in Sources */,
				A79044302820FFE1006C44E0 /* LearnSwiftUIApp.swift in Sources */,
				A790444D28210227006C44E0 /* LandmarkRow.swift in Sources */,
				A79044482821005B006C44E0 /* CircleImage.swift in Sources */,
			);
			runOnlyForDeploymentPostprocessing = 0;
		};
/* End PBXSourcesBuildPhase section */

/* Begin XCBuildConfiguration section */
		A79044382820FFE2006C44E0 /* Debug */ = {
			isa = XCBuildConfiguration;
			buildSettings = {
				ALWAYS_SEARCH_USER_PATHS = NO;
				CLANG_ANALYZER_NONNULL = YES;
				CLANG_ANALYZER_NUMBER_OBJECT_CONVERSION = YES_AGGRESSIVE;
				CLANG_CXX_LANGUAGE_STANDARD = "gnu++17";
				CLANG_ENABLE_MODULES = YES;
				CLANG_ENABLE_OBJC_ARC = YES;
				CLANG_ENABLE_OBJC_WEAK = YES;
				CLANG_WARN_BLOCK_CAPTURE_AUTORELEASING = YES;
				CLANG_WARN_BOOL_CONVERSION = YES;
				CLANG_WARN_COMMA = YES;
				CLANG_WARN_CONSTANT_CONVERSION = YES;
				CLANG_WARN_DEPRECATED_OBJC_IMPLEMENTATIONS = YES;
				CLANG_WARN_DIRECT_OBJC_ISA_USAGE = YES_ERROR;
				CLANG_WARN_DOCUMENTATION_COMMENTS = YES;
				CLANG_WARN_EMPTY_BODY = YES;
				CLANG_WARN_ENUM_CONVERSION = YES;
				CLANG_WARN_INFINITE_RECURSION = YES;
				CLANG_WARN_INT_CONVERSION = YES;
				CLANG_WARN_NON_LITERAL_NULL_CONVERSION = YES;
				CLANG_WARN_OBJC_IMPLICIT_RETAIN_SELF = YES;
				CLANG_WARN_OBJC_LITERAL_CONVERSION = YES;
				CLANG_WARN_OBJC_ROOT_CLASS = YES_ERROR;
				CLANG_WARN_QUOTED_INCLUDE_IN_FRAMEWORK_HEADER = YES;
				CLANG_WARN_RANGE_LOOP_ANALYSIS = YES;
				CLANG_WARN_STRICT_PROTOTYPES = YES;
				CLANG_WARN_SUSPICIOUS_MOVE = YES;
				CLANG_WARN_UNGUARDED_AVAILABILITY = YES_AGGRESSIVE;
				CLANG_WARN_UNREACHABLE_CODE = YES;
				CLANG_WARN__DUPLICATE_METHOD_MATCH = YES;
				COPY_PHASE_STRIP = NO;
				DEBUG_INFORMATION_FORMAT = dwarf;
				ENABLE_STRICT_OBJC_MSGSEND = YES;
				ENABLE_TESTABILITY = YES;
				GCC_C_LANGUAGE_STANDARD = gnu11;
				GCC_DYNAMIC_NO_PIC = NO;
				GCC_NO_COMMON_BLOCKS = YES;
				GCC_OPTIMIZATION_LEVEL = 0;
				GCC_PREPROCESSOR_DEFINITIONS = (
					"DEBUG=1",
					"$(inherited)",
				);
				GCC_WARN_64_TO_32_BIT_CONVERSION = YES;
				GCC_WARN_ABOUT_RETURN_TYPE = YES_ERROR;
				GCC_WARN_UNDECLARED_SELECTOR = YES;
				GCC_WARN_UNINITIALIZED_AUTOS = YES_AGGRESSIVE;
				GCC_WARN_UNUSED_FUNCTION = YES;
				GCC_WARN_UNUSED_VARIABLE = YES;
				IPHONEOS_DEPLOYMENT_TARGET = 15.4;
				MTL_ENABLE_DEBUG_INFO = INCLUDE_SOURCE;
				MTL_FAST_MATH = YES;
				ONLY_ACTIVE_ARCH = YES;
				SDKROOT = iphoneos;
				SWIFT_ACTIVE_COMPILATION_CONDITIONS = DEBUG;
				SWIFT_OPTIMIZATION_LEVEL = "-Onone";
			};
			name = Debug;
		};
		A79044392820FFE2006C44E0 /* Release */ = {
			isa = XCBuildConfiguration;
			buildSettings = {
				ALWAYS_SEARCH_USER_PATHS = NO;
				CLANG_ANALYZER_NONNULL = YES;
				CLANG_ANALYZER_NUMBER_OBJECT_CONVERSION = YES_AGGRESSIVE;
				CLANG_CXX_LANGUAGE_STANDARD = "gnu++17";
				CLANG_ENABLE_MODULES = YES;
				CLANG_ENABLE_OBJC_ARC = YES;
				CLANG_ENABLE_OBJC_WEAK = YES;
				CLANG_WARN_BLOCK_CAPTURE_AUTORELEASING = YES;
				CLANG_WARN_BOOL_CONVERSION = YES;
				CLANG_WARN_COMMA = YES;
				CLANG_WARN_CONSTANT_CONVERSION = YES;
				CLANG_WARN_DEPRECATED_OBJC_IMPLEMENTATIONS = YES;
				CLANG_WARN_DIRECT_OBJC_ISA_USAGE = YES_ERROR;
				CLANG_WARN_DOCUMENTATION_COMMENTS = YES;
				CLANG_WARN_EMPTY_BODY = YES;
				CLANG_WARN_ENUM_CONVERSION = YES;
				CLANG_WARN_INFINITE_RECURSION = YES;
				CLANG_WARN_INT_CONVERSION = YES;
				CLANG_WARN_NON_LITERAL_NULL_CONVERSION = YES;
				CLANG_WARN_OBJC_IMPLICIT_RETAIN_SELF = YES;
				CLANG_WARN_OBJC_LITERAL_CONVERSION = YES;
				CLANG_WARN_OBJC_ROOT_CLASS = YES_ERROR;
				CLANG_WARN_QUOTED_INCLUDE_IN_FRAMEWORK_HEADER = YES;
				CLANG_WARN_RANGE_LOOP_ANALYSIS = YES;
				CLANG_WARN_STRICT_PROTOTYPES = YES;
				CLANG_WARN_SUSPICIOUS_MOVE = YES;
				CLANG_WARN_UNGUARDED_AVAILABILITY = YES_AGGRESSIVE;
				CLANG_WARN_UNREACHABLE_CODE = YES;
				CLANG_WARN__DUPLICATE_METHOD_MATCH = YES;
				COPY_PHASE_STRIP = NO;
				DEBUG_INFORMATION_FORMAT = "dwarf-with-dsym";
				ENABLE_NS_ASSERTIONS = NO;
				ENABLE_STRICT_OBJC_MSGSEND = YES;
				GCC_C_LANGUAGE_STANDARD = gnu11;
				GCC_NO_COMMON_BLOCKS = YES;
				GCC_WARN_64_TO_32_BIT_CONVERSION = YES;
				GCC_WARN_ABOUT_RETURN_TYPE = YES_ERROR;
				GCC_WARN_UNDECLARED_SELECTOR = YES;
				GCC_WARN_UNINITIALIZED_AUTOS = YES_AGGRESSIVE;
				GCC_WARN_UNUSED_FUNCTION = YES;
				GCC_WARN_UNUSED_VARIABLE = YES;
				IPHONEOS_DEPLOYMENT_TARGET = 15.4;
				MTL_ENABLE_DEBUG_INFO = NO;
				MTL_FAST_MATH = YES;
				SDKROOT = iphoneos;
				SWIFT_COMPILATION_MODE = wholemodule;
				SWIFT_OPTIMIZATION_LEVEL = "-O";
				VALIDATE_PRODUCT = YES;
			};
			name = Release;
		};
		A790443B2820FFE2006C44E0 /* Debug */ = {
			isa = XCBuildConfiguration;
			buildSettings = {
				ASSETCATALOG_COMPILER_APPICON_NAME = AppIcon;
				ASSETCATALOG_COMPILER_GLOBAL_ACCENT_COLOR_NAME = AccentColor;
				CODE_SIGN_STYLE = Automatic;
				CURRENT_PROJECT_VERSION = 1;
				DEVELOPMENT_ASSET_PATHS = "\"LearnSwiftUI/Preview Content\"";
				ENABLE_PREVIEWS = YES;
				GENERATE_INFOPLIST_FILE = YES;
				INFOPLIST_KEY_UIApplicationSceneManifest_Generation = YES;
				INFOPLIST_KEY_UIApplicationSupportsIndirectInputEvents = YES;
				INFOPLIST_KEY_UILaunchScreen_Generation = YES;
				INFOPLIST_KEY_UISupportedInterfaceOrientations_iPad = "UIInterfaceOrientationPortrait UIInterfaceOrientationPortraitUpsideDown UIInterfaceOrientationLandscapeLeft UIInterfaceOrientationLandscapeRight";
				INFOPLIST_KEY_UISupportedInterfaceOrientations_iPhone = "UIInterfaceOrientationPortrait UIInterfaceOrientationLandscapeLeft UIInterfaceOrientationLandscapeRight";
				LD_RUNPATH_SEARCH_PATHS = (
					"$(inherited)",
					"@executable_path/Frameworks",
				);
				MARKETING_VERSION = 1.0;
				PRODUCT_BUNDLE_IDENTIFIER = com.peiel.LearnSwiftUI;
				PRODUCT_NAME = "$(TARGET_NAME)";
				SWIFT_EMIT_LOC_STRINGS = YES;
				SWIFT_VERSION = 5.0;
				TARGETED_DEVICE_FAMILY = "1,2";
			};
			name = Debug;
		};
		A790443C2820FFE2006C44E0 /* Release */ = {
			isa = XCBuildConfiguration;
			buildSettings = {
				ASSETCATALOG_COMPILER_APPICON_NAME = AppIcon;
				ASSETCATALOG_COMPILER_GLOBAL_ACCENT_COLOR_NAME = AccentColor;
				CODE_SIGN_STYLE = Automatic;
				CURRENT_PROJECT_VERSION = 1;
				DEVELOPMENT_ASSET_PATHS = "\"LearnSwiftUI/Preview Content\"";
				ENABLE_PREVIEWS = YES;
				GENERATE_INFOPLIST_FILE = YES;
				INFOPLIST_KEY_UIApplicationSceneManifest_Generation = YES;
				INFOPLIST_KEY_UIApplicationSupportsIndirectInputEvents = YES;
				INFOPLIST_KEY_UILaunchScreen_Generation = YES;
				INFOPLIST_KEY_UISupportedInterfaceOrientations_iPad = "UIInterfaceOrientationPortrait UIInterfaceOrientationPortraitUpsideDown UIInterfaceOrientationLandscapeLeft UIInterfaceOrientationLandscapeRight";
				INFOPLIST_KEY_UISupportedInterfaceOrientations_iPhone = "UIInterfaceOrientationPortrait UIInterfaceOrientationLandscapeLeft UIInterfaceOrientationLandscapeRight";
				LD_RUNPATH_SEARCH_PATHS = (
					"$(inherited)",
					"@executable_path/Frameworks",
				);
				MARKETING_VERSION = 1.0;
				PRODUCT_BUNDLE_IDENTIFIER = com.peiel.LearnSwiftUI;
				PRODUCT_NAME = "$(TARGET_NAME)";
				SWIFT_EMIT_LOC_STRINGS = YES;
				SWIFT_VERSION = 5.0;
				TARGETED_DEVICE_FAMILY = "1,2";
			};
			name = Release;
		};
/* End XCBuildConfiguration section */

/* Begin XCConfigurationList section */
		A79044272820FFE1006C44E0 /* Build configuration list for PBXProject "LearnSwiftUI" */ = {
			isa = XCConfigurationList;
			buildConfigurations = (
				A79044382820FFE2006C44E0 /* Debug */,
				A79044392820FFE2006C44E0 /* Release */,
			);
			defaultConfigurationIsVisible = 0;
			defaultConfigurationName = Release;
		};
		A790443A2820FFE2006C44E0 /* Build configuration list for PBXNativeTarget "LearnSwiftUI" */ = {
			isa = XCConfigurationList;
			buildConfigurations = (
				A790443B2820FFE2006C44E0 /* Debug */,
				A790443C2820FFE2006C44E0 /* Release */,
			);
			defaultConfigurationIsVisible = 0;
			defaultConfigurationName = Release;
		};
/* End XCConfigurationList section */
	};
	rootObject = A79044242820FFE1006C44E0 /* Project object */;
}
